
Microsoft Visual Studio Solution File, Format Version 12.00
# Visual Studio Version 17
VisualStudioVersion = 17.10.35122.118
MinimumVisualStudioVersion = 10.0.40219.1
Project("{FAE04EC0-301F-11D3-BF4B-00C04F79EFBC}") = "Leetcode 13 Roman to Integer", "Leetcode 13 Roman to Integer.csproj", "{432AA73C-7DA2-47C5-9BD3-026AA9380385}"
EndProject
Global
	GlobalSection(SolutionConfigurationPlatforms) = preSolution
		Debug|Any CPU = Debug|Any CPU
		Release|Any CPU = Release|Any CPU
	EndGlobalSection
	GlobalSection(ProjectConfigurationPlatforms) = postSolution
		{432AA73C-7DA2-47C5-9BD3-026AA9380385}.Debug|Any CPU.ActiveCfg = Debug|Any CPU
		{432AA73C-7DA2-47C5-9BD3-026AA9380385}.Debug|Any CPU.Build.0 = Debug|Any CPU
		{432AA73C-7DA2-47C5-9BD3-026AA9380385}.Release|Any CPU.ActiveCfg = Release|Any CPU
		{432AA73C-7DA2-47C5-9BD3-026AA9380385}.Release|Any CPU.Build.0 = Release|Any CPU
	EndGlobalSection
	GlobalSection(SolutionProperties) = preSolution
		HideSolutionNode = FALSE
	EndGlobalSection
	GlobalSection(ExtensibilityGlobals) = postSolution
		SolutionGuid = {69ADC0F2-1E3D-41CF-9BFD-17F54C5158E4}
	EndGlobalSection
EndGlobal
